
Microsoft Visual Studio Solution File, Format Version 12.00
# Visual Studio 2012
Project("{FAE04EC0-301F-11D3-BF4B-00C04F79EFBC}") = "Chat", "Chat\Chat.csproj", "{ECFF095C-EC08-431C-8EED-42DA6BFD8671}"
	ProjectSection(ProjectDependencies) = postProject
		{7816D3CB-F1E6-469B-B60A-AAAF8BB3751F} = {7816D3CB-F1E6-469B-B60A-AAAF8BB3751F}
	EndProjectSection
EndProject
Project("{FAE04EC0-301F-11D3-BF4B-00C04F79EFBC}") = "XMPP", "XMPP\XMPP.csproj", "{ECB98CE1-38B8-4A34-BF26-76ED553F4FB6}"
EndProject
Project("{FAE04EC0-301F-11D3-BF4B-00C04F79EFBC}") = "Backend", "Backend\Backend.csproj", "{7816D3CB-F1E6-469B-B60A-AAAF8BB3751F}"
EndProject
Project("{FAE04EC0-301F-11D3-BF4B-00C04F79EFBC}") = "BackgroundTasks", "BackgroundTasks\BackgroundTasks.csproj", "{455672EA-C8A2-4A8C-8634-4FED95A8A7B3}"
EndProject
Global
	GlobalSection(SolutionConfigurationPlatforms) = preSolution
		Debug|Any CPU = Debug|Any CPU
		Debug|ARM = Debug|ARM
		Debug|x64 = Debug|x64
		Debug|x86 = Debug|x86
		Release|Any CPU = Release|Any CPU
		Release|ARM = Release|ARM
		Release|x64 = Release|x64
		Release|x86 = Release|x86
	EndGlobalSection
	GlobalSection(ProjectConfigurationPlatforms) = postSolution
		{ECFF095C-EC08-431C-8EED-42DA6BFD8671}.Debug|Any CPU.ActiveCfg = Debug|Any CPU
		{ECFF095C-EC08-431C-8EED-42DA6BFD8671}.Debug|Any CPU.Build.0 = Debug|Any CPU
		{ECFF095C-EC08-431C-8EED-42DA6BFD8671}.Debug|Any CPU.Deploy.0 = Debug|Any CPU
		{ECFF095C-EC08-431C-8EED-42DA6BFD8671}.Debug|ARM.ActiveCfg = Debug|ARM
		{ECFF095C-EC08-431C-8EED-42DA6BFD8671}.Debug|ARM.Build.0 = Debug|ARM
		{ECFF095C-EC08-431C-8EED-42DA6BFD8671}.Debug|ARM.Deploy.0 = Debug|ARM
		{ECFF095C-EC08-431C-8EED-42DA6BFD8671}.Debug|x64.ActiveCfg = Debug|x64
		{ECFF095C-EC08-431C-8EED-42DA6BFD8671}.Debug|x64.Build.0 = Debug|x64
		{ECFF095C-EC08-431C-8EED-42DA6BFD8671}.Debug|x64.Deploy.0 = Debug|x64
		{ECFF095C-EC08-431C-8EED-42DA6BFD8671}.Debug|x86.ActiveCfg = Debug|x86
		{ECFF095C-EC08-431C-8EED-42DA6BFD8671}.Debug|x86.Build.0 = Debug|x86
		{ECFF095C-EC08-431C-8EED-42DA6BFD8671}.Debug|x86.Deploy.0 = Debug|x86
		{ECFF095C-EC08-431C-8EED-42DA6BFD8671}.Release|Any CPU.ActiveCfg = Release|Any CPU
		{ECFF095C-EC08-431C-8EED-42DA6BFD8671}.Release|Any CPU.Build.0 = Release|Any CPU
		{ECFF095C-EC08-431C-8EED-42DA6BFD8671}.Release|Any CPU.Deploy.0 = Release|Any CPU
		{ECFF095C-EC08-431C-8EED-42DA6BFD8671}.Release|ARM.ActiveCfg = Release|ARM
		{ECFF095C-EC08-431C-8EED-42DA6BFD8671}.Release|ARM.Build.0 = Release|ARM
		{ECFF095C-EC08-431C-8EED-42DA6BFD8671}.Release|ARM.Deploy.0 = Release|ARM
		{ECFF095C-EC08-431C-8EED-42DA6BFD8671}.Release|x64.ActiveCfg = Release|x64
		{ECFF095C-EC08-431C-8EED-42DA6BFD8671}.Release|x64.Build.0 = Release|x64
		{ECFF095C-EC08-431C-8EED-42DA6BFD8671}.Release|x64.Deploy.0 = Release|x64
		{ECFF095C-EC08-431C-8EED-42DA6BFD8671}.Release|x86.ActiveCfg = Release|x86
		{ECFF095C-EC08-431C-8EED-42DA6BFD8671}.Release|x86.Build.0 = Release|x86
		{ECFF095C-EC08-431C-8EED-42DA6BFD8671}.Release|x86.Deploy.0 = Release|x86
		{ECB98CE1-38B8-4A34-BF26-76ED553F4FB6}.Debug|Any CPU.ActiveCfg = Debug|Any CPU
		{ECB98CE1-38B8-4A34-BF26-76ED553F4FB6}.Debug|Any CPU.Build.0 = Debug|Any CPU
		{ECB98CE1-38B8-4A34-BF26-76ED553F4FB6}.Debug|Any CPU.Deploy.0 = Debug|Any CPU
		{ECB98CE1-38B8-4A34-BF26-76ED553F4FB6}.Debug|ARM.ActiveCfg = Debug|ARM
		{ECB98CE1-38B8-4A34-BF26-76ED553F4FB6}.Debug|ARM.Build.0 = Debug|ARM
		{ECB98CE1-38B8-4A34-BF26-76ED553F4FB6}.Debug|x64.ActiveCfg = Debug|x64
		{ECB98CE1-38B8-4A34-BF26-76ED553F4FB6}.Debug|x64.Build.0 = Debug|x64
		{ECB98CE1-38B8-4A34-BF26-76ED553F4FB6}.Debug|x86.ActiveCfg = Debug|x86
		{ECB98CE1-38B8-4A34-BF26-76ED553F4FB6}.Debug|x86.Build.0 = Debug|x86
		{ECB98CE1-38B8-4A34-BF26-76ED553F4FB6}.Release|Any CPU.ActiveCfg = Release|Any CPU
		{ECB98CE1-38B8-4A34-BF26-76ED553F4FB6}.Release|Any CPU.Build.0 = Release|Any CPU
		{ECB98CE1-38B8-4A34-BF26-76ED553F4FB6}.Release|ARM.ActiveCfg = Release|ARM
		{ECB98CE1-38B8-4A34-BF26-76ED553F4FB6}.Release|ARM.Build.0 = Release|ARM
		{ECB98CE1-38B8-4A34-BF26-76ED553F4FB6}.Release|x64.ActiveCfg = Release|x64
		{ECB98CE1-38B8-4A34-BF26-76ED553F4FB6}.Release|x64.Build.0 = Release|x64
		{ECB98CE1-38B8-4A34-BF26-76ED553F4FB6}.Release|x86.ActiveCfg = Release|x86
		{ECB98CE1-38B8-4A34-BF26-76ED553F4FB6}.Release|x86.Build.0 = Release|x86
		{7816D3CB-F1E6-469B-B60A-AAAF8BB3751F}.Debug|Any CPU.ActiveCfg = Debug|Any CPU
		{7816D3CB-F1E6-469B-B60A-AAAF8BB3751F}.Debug|Any CPU.Build.0 = Debug|Any CPU
		{7816D3CB-F1E6-469B-B60A-AAAF8BB3751F}.Debug|ARM.ActiveCfg = Debug|ARM
		{7816D3CB-F1E6-469B-B60A-AAAF8BB3751F}.Debug|ARM.Build.0 = Debug|ARM
		{7816D3CB-F1E6-469B-B60A-AAAF8BB3751F}.Debug|x64.ActiveCfg = Debug|x64
		{7816D3CB-F1E6-469B-B60A-AAAF8BB3751F}.Debug|x64.Build.0 = Debug|x64
		{7816D3CB-F1E6-469B-B60A-AAAF8BB3751F}.Debug|x86.ActiveCfg = Debug|x86
		{7816D3CB-F1E6-469B-B60A-AAAF8BB3751F}.Debug|x86.Build.0 = Debug|x86
		{7816D3CB-F1E6-469B-B60A-AAAF8BB3751F}.Release|Any CPU.ActiveCfg = Release|Any CPU
		{7816D3CB-F1E6-469B-B60A-AAAF8BB3751F}.Release|Any CPU.Build.0 = Release|Any CPU
		{7816D3CB-F1E6-469B-B60A-AAAF8BB3751F}.Release|ARM.ActiveCfg = Release|ARM
		{7816D3CB-F1E6-469B-B60A-AAAF8BB3751F}.Release|ARM.Build.0 = Release|ARM
		{7816D3CB-F1E6-469B-B60A-AAAF8BB3751F}.Release|x64.ActiveCfg = Release|x64
		{7816D3CB-F1E6-469B-B60A-AAAF8BB3751F}.Release|x64.Build.0 = Release|x64
		{7816D3CB-F1E6-469B-B60A-AAAF8BB3751F}.Release|x86.ActiveCfg = Release|x86
		{7816D3CB-F1E6-469B-B60A-AAAF8BB3751F}.Release|x86.Build.0 = Release|x86
		{455672EA-C8A2-4A8C-8634-4FED95A8A7B3}.Debug|Any CPU.ActiveCfg = Debug|Any CPU
		{455672EA-C8A2-4A8C-8634-4FED95A8A7B3}.Debug|Any CPU.Build.0 = Debug|Any CPU
		{455672EA-C8A2-4A8C-8634-4FED95A8A7B3}.Debug|ARM.ActiveCfg = Debug|ARM
		{455672EA-C8A2-4A8C-8634-4FED95A8A7B3}.Debug|ARM.Build.0 = Debug|ARM
		{455672EA-C8A2-4A8C-8634-4FED95A8A7B3}.Debug|x64.ActiveCfg = Debug|x64
		{455672EA-C8A2-4A8C-8634-4FED95A8A7B3}.Debug|x64.Build.0 = Debug|x64
		{455672EA-C8A2-4A8C-8634-4FED95A8A7B3}.Debug|x86.ActiveCfg = Debug|x86
		{455672EA-C8A2-4A8C-8634-4FED95A8A7B3}.Debug|x86.Build.0 = Debug|x86
		{455672EA-C8A2-4A8C-8634-4FED95A8A7B3}.Release|Any CPU.ActiveCfg = Release|Any CPU
		{455672EA-C8A2-4A8C-8634-4FED95A8A7B3}.Release|Any CPU.Build.0 = Release|Any CPU
		{455672EA-C8A2-4A8C-8634-4FED95A8A7B3}.Release|ARM.ActiveCfg = Release|ARM
		{455672EA-C8A2-4A8C-8634-4FED95A8A7B3}.Release|ARM.Build.0 = Release|ARM
		{455672EA-C8A2-4A8C-8634-4FED95A8A7B3}.Release|x64.ActiveCfg = Release|x64
		{455672EA-C8A2-4A8C-8634-4FED95A8A7B3}.Release|x64.Build.0 = Release|x64
		{455672EA-C8A2-4A8C-8634-4FED95A8A7B3}.Release|x86.ActiveCfg = Release|x86
		{455672EA-C8A2-4A8C-8634-4FED95A8A7B3}.Release|x86.Build.0 = Release|x86
	EndGlobalSection
	GlobalSection(SolutionProperties) = preSolution
		HideSolutionNode = FALSE
	EndGlobalSection
	GlobalSection(Performance) = preSolution
		HasPerformanceSessions = true
	EndGlobalSection
EndGlobal
